// !$*UTF8*$!
{
	archiveVersion = 1;
	classes = {
	};
	objectVersion = 50;
	objects = {

/* Begin PBXBuildFile section */
		1A3820BA21E719D3007DC647 /* AppDelegate.m in Sources */ = {isa = PBXBuildFile; fileRef = 1A3820B921E719D3007DC647 /* AppDelegate.m */; };
		1A3820BD21E719D3007DC647 /* ViewController.m in Sources */ = {isa = PBXBuildFile; fileRef = 1A3820BC21E719D3007DC647 /* ViewController.m */; };
		1A3820C021E719D3007DC647 /* Main.storyboard in Resources */ = {isa = PBXBuildFile; fileRef = 1A3820BE21E719D3007DC647 /* Main.storyboard */; };
		1A3820C221E719D4007DC647 /* Assets.xcassets in Resources */ = {isa = PBXBuildFile; fileRef = 1A3820C121E719D4007DC647 /* Assets.xcassets */; };
		1A3820C521E719D4007DC647 /* LaunchScreen.storyboard in Resources */ = {isa = PBXBuildFile; fileRef = 1A3820C321E719D4007DC647 /* LaunchScreen.storyboard */; };
		1A3820C821E719D4007DC647 /* main.m in Sources */ = {isa = PBXBuildFile; fileRef = 1A3820C721E719D4007DC647 /* main.m */; };
		1A3820D221E719D4007DC647 /* test1Tests.m in Sources */ = {isa = PBXBuildFile; fileRef = 1A3820D121E719D4007DC647 /* test1Tests.m */; };
		1A3820DD21E719D4007DC647 /* test1UITests.m in Sources */ = {isa = PBXBuildFile; fileRef = 1A3820DC21E719D4007DC647 /* test1UITests.m */; };
/* End PBXBuildFile section */

/* Begin PBXContainerItemProxy section */
		1A3820CE21E719D4007DC647 /* PBXContainerItemProxy */ = {
			isa = PBXContainerItemProxy;
			containerPortal = 1A3820AD21E719D3007DC647 /* Project object */;
			proxyType = 1;
			remoteGlobalIDString = 1A3820B421E719D3007DC647;
			remoteInfo = test1;
		};
		1A3820D921E719D4007DC647 /* PBXContainerItemProxy */ = {
			isa = PBXContainerItemProxy;
			containerPortal = 1A3820AD21E719D3007DC647 /* Project object */;
			proxyType = 1;
			remoteGlobalIDString = 1A3820B421E719D3007DC647;
			remoteInfo = test1;
		};
/* End PBXContainerItemProxy section */

/* Begin PBXFileReference section */
		1A3820B521E719D3007DC647 /* test1.app */ = {isa = PBXFileReference; explicitFileType = wrapper.application; includeInIndex = 0; path = test1.app; sourceTree = BUILT_PRODUCTS_DIR; };
		1A3820B821E719D3007DC647 /* AppDelegate.h */ = {isa = PBXFileReference; lastKnownFileType = sourcecode.c.h; path = AppDelegate.h; sourceTree = "<group>"; };
		1A3820B921E719D3007DC647 /* AppDelegate.m */ = {isa = PBXFileReference; lastKnownFileType = sourcecode.c.objc; path = AppDelegate.m; sourceTree = "<group>"; };
		1A3820BB21E719D3007DC647 /* ViewController.h */ = {isa = PBXFileReference; lastKnownFileType = sourcecode.c.h; path = ViewController.h; sourceTree = "<group>"; };
		1A3820BC21E719D3007DC647 /* ViewController.m */ = {isa = PBXFileReference; lastKnownFileType = sourcecode.c.objc; path = ViewController.m; sourceTree = "<group>"; };
		1A3820BF21E719D3007DC647 /* Base */ = {isa = PBXFileReference; lastKnownFileType = file.storyboard; name = Base; path = Base.lproj/Main.storyboard; sourceTree = "<group>"; };
		1A3820C121E719D4007DC647 /* Assets.xcassets */ = {isa = PBXFileReference; lastKnownFileType = folder.assetcatalog; path = Assets.xcassets; sourceTree = "<group>"; };
		1A3820C421E719D4007DC647 /* Base */ = {isa = PBXFileReference; lastKnownFileType = file.storyboard; name = Base; path = Base.lproj/LaunchScreen.storyboard; sourceTree = "<group>"; };
		1A3820C621E719D4007DC647 /* Info.plist */ = {isa = PBXFileReference; lastKnownFileType = text.plist.xml; path = Info.plist; sourceTree = "<group>"; };
		1A3820C721E719D4007DC647 /* main.m */ = {isa = PBXFileReference; lastKnownFileType = sourcecode.c.objc; path = main.m; sourceTree = "<group>"; };
		1A3820CD21E719D4007DC647 /* test1Tests.xctest */ = {isa = PBXFileReference; explicitFileType = wrapper.cfbundle; includeInIndex = 0; path = test1Tests.xctest; sourceTree = BUILT_PRODUCTS_DIR; };
		1A3820D121E719D4007DC647 /* test1Tests.m */ = {isa = PBXFileReference; lastKnownFileType = sourcecode.c.objc; path = test1Tests.m; sourceTree = "<group>"; };
		1A3820D321E719D4007DC647 /* Info.plist */ = {isa = PBXFileReference; lastKnownFileType = text.plist.xml; path = Info.plist; sourceTree = "<group>"; };
		1A3820D821E719D4007DC647 /* test1UITests.xctest */ = {isa = PBXFileReference; explicitFileType = wrapper.cfbundle; includeInIndex = 0; path = test1UITests.xctest; sourceTree = BUILT_PRODUCTS_DIR; };
		1A3820DC21E719D4007DC647 /* test1UITests.m */ = {isa = PBXFileReference; lastKnownFileType = sourcecode.c.objc; path = test1UITests.m; sourceTree = "<group>"; };
		1A3820DE21E719D4007DC647 /* Info.plist */ = {isa = PBXFileReference; lastKnownFileType = text.plist.xml; path = Info.plist; sourceTree = "<group>"; };
/* End PBXFileReference section */

/* Begin PBXFrameworksBuildPhase section */
		1A3820B221E719D3007DC647 /* Frameworks */ = {
			isa = PBXFrameworksBuildPhase;
			buildActionMask = 2147483647;
			files = (
			);
			runOnlyForDeploymentPostprocessing = 0;
		};
		1A3820CA21E719D4007DC647 /* Frameworks */ = {
			isa = PBXFrameworksBuildPhase;
			buildActionMask = 2147483647;
			files = (
			);
			runOnlyForDeploymentPostprocessing = 0;
		};
		1A3820D521E719D4007DC647 /* Frameworks */ = {
			isa = PBXFrameworksBuildPhase;
			buildActionMask = 2147483647;
			files = (
			);
			runOnlyForDeploymentPostprocessing = 0;
		};
/* End PBXFrameworksBuildPhase section */

/* Begin PBXGroup section */
		1A3820AC21E719D3007DC647 = {
			isa = PBXGroup;
			children = (
				1A3820B721E719D3007DC647 /* test1 */,
				1A3820D021E719D4007DC647 /* test1Tests */,
				1A3820DB21E719D4007DC647 /* test1UITests */,
				1A3820B621E719D3007DC647 /* Products */,
			);
			sourceTree = "<group>";
		};
		1A3820B621E719D3007DC647 /* Products */ = {
			isa = PBXGroup;
			children = (
				1A3820B521E719D3007DC647 /* test1.app */,
				1A3820CD21E719D4007DC647 /* test1Tests.xctest */,
				1A3820D821E719D4007DC647 /* test1UITests.xctest */,
			);
			name = Products;
			sourceTree = "<group>";
		};
		1A3820B721E719D3007DC647 /* test1 */ = {
			isa = PBXGroup;
			children = (
				1A3820B821E719D3007DC647 /* AppDelegate.h */,
				1A3820B921E719D3007DC647 /* AppDelegate.m */,
				1A3820BB21E719D3007DC647 /* ViewController.h */,
				1A3820BC21E719D3007DC647 /* ViewController.m */,
				1A3820BE21E719D3007DC647 /* Main.storyboard */,
				1A3820C121E719D4007DC647 /* Assets.xcassets */,
				1A3820C321E719D4007DC647 /* LaunchScreen.storyboard */,
				1A3820C621E719D4007DC647 /* Info.plist */,
				1A3820C721E719D4007DC647 /* main.m */,
			);
			path = test1;
			sourceTree = "<group>";
		};
		1A3820D021E719D4007DC647 /* test1Tests */ = {
			isa = PBXGroup;
			children = (
				1A3820D121E719D4007DC647 /* test1Tests.m */,
				1A3820D321E719D4007DC647 /* Info.plist */,
			);
			path = test1Tests;
			sourceTree = "<group>";
		};
		1A3820DB21E719D4007DC647 /* test1UITests */ = {
			isa = PBXGroup;
			children = (
				1A3820DC21E719D4007DC647 /* test1UITests.m */,
				1A3820DE21E719D4007DC647 /* Info.plist */,
			);
			path = test1UITests;
			sourceTree = "<group>";
		};
/* End PBXGroup section */

/* Begin PBXNativeTarget section */
		1A3820B421E719D3007DC647 /* test1 */ = {
			isa = PBXNativeTarget;
			buildConfigurationList = 1A3820E121E719D4007DC647 /* Build configuration list for PBXNativeTarget "test1" */;
			buildPhases = (
				1A3820B121E719D3007DC647 /* Sources */,
				1A3820B221E719D3007DC647 /* Frameworks */,
				1A3820B321E719D3007DC647 /* Resources */,
			);
			buildRules = (
			);
			dependencies = (
			);
			name = test1;
			productName = test1;
			productReference = 1A3820B521E719D3007DC647 /* test1.app */;
			productType = "com.apple.product-type.application";
		};
		1A3820CC21E719D4007DC647 /* test1Tests */ = {
			isa = PBXNativeTarget;
			buildConfigurationList = 1A3820E421E719D4007DC647 /* Build configuration list for PBXNativeTarget "test1Tests" */;
			buildPhases = (
				1A3820C921E719D4007DC647 /* Sources */,
				1A3820CA21E719D4007DC647 /* Frameworks */,
				1A3820CB21E719D4007DC647 /* Resources */,
			);
			buildRules = (
			);
			dependencies = (
				1A3820CF21E719D4007DC647 /* PBXTargetDependency */,
			);
			name = test1Tests;
			productName = test1Tests;
			productReference = 1A3820CD21E719D4007DC647 /* test1Tests.xctest */;
			productType = "com.apple.product-type.bundle.unit-test";
		};
		1A3820D721E719D4007DC647 /* test1UITests */ = {
			isa = PBXNativeTarget;
			buildConfigurationList = 1A3820E721E719D4007DC647 /* Build configuration list for PBXNativeTarget "test1UITests" */;
			buildPhases = (
				1A3820D421E719D4007DC647 /* Sources */,
				1A3820D521E719D4007DC647 /* Frameworks */,
				1A3820D621E719D4007DC647 /* Resources */,
			);
			buildRules = (
			);
			dependencies = (
				1A3820DA21E719D4007DC647 /* PBXTargetDependency */,
			);
			name = test1UITests;
			productName = test1UITests;
			productReference = 1A3820D821E719D4007DC647 /* test1UITests.xctest */;
			productType = "com.apple.product-type.bundle.ui-testing";
		};
/* End PBXNativeTarget section */

/* Begin PBXProject section */
		1A3820AD21E719D3007DC647 /* Project object */ = {
			isa = PBXProject;
			attributes = {
				LastUpgradeCheck = 1010;
				ORGANIZATIONNAME = xjl;
				TargetAttributes = {
					1A3820B421E719D3007DC647 = {
						CreatedOnToolsVersion = 10.1;
					};
					1A3820CC21E719D4007DC647 = {
						CreatedOnToolsVersion = 10.1;
						TestTargetID = 1A3820B421E719D3007DC647;
					};
					1A3820D721E719D4007DC647 = {
						CreatedOnToolsVersion = 10.1;
						TestTargetID = 1A3820B421E719D3007DC647;
					};
				};
			};
			buildConfigurationList = 1A3820B021E719D3007DC647 /* Build configuration list for PBXProject "test1" */;
			compatibilityVersion = "Xcode 9.3";
			developmentRegion = en;
			hasScannedForEncodings = 0;
			knownRegions = (
				en,
				Base,
			);
			mainGroup = 1A3820AC21E719D3007DC647;
			productRefGroup = 1A3820B621E719D3007DC647 /* Products */;
			projectDirPath = "";
			projectRoot = "";
			targets = (
				1A3820B421E719D3007DC647 /* test1 */,
				1A3820CC21E719D4007DC647 /* test1Tests */,
				1A3820D721E719D4007DC647 /* test1UITests */,
			);
		};
/* End PBXProject section */

/* Begin PBXResourcesBuildPhase section */
		1A3820B321E719D3007DC647 /* Resources */ = {
			isa = PBXResourcesBuildPhase;
			buildActionMask = 2147483647;
			files = (
				1A3820C521E719D4007DC647 /* LaunchScreen.storyboard in Resources */,
				1A3820C221E719D4007DC647 /* Assets.xcassets in Resources */,
				1A3820C021E719D3007DC647 /* Main.storyboard in Resources */,
			);
			runOnlyForDeploymentPostprocessing = 0;
		};
		1A3820CB21E719D4007DC647 /* Resources */ = {
			isa = PBXResourcesBuildPhase;
			buildActionMask = 2147483647;
			files = (
			);
			runOnlyForDeploymentPostprocessing = 0;
		};
		1A3820D621E719D4007DC647 /* Resources */ = {
			isa = PBXResourcesBuildPhase;
			buildActionMask = 2147483647;
			files = (
			);
			runOnlyForDeploymentPostprocessing = 0;
		};
/* End PBXResourcesBuildPhase section */

/* Begin PBXSourcesBuildPhase section */
		1A3820B121E719D3007DC647 /* Sources */ = {
			isa = PBXSourcesBuildPhase;
			buildActionMask = 2147483647;
			files = (
				1A3820BD21E719D3007DC647 /* ViewController.m in Sources */,
				1A3820C821E719D4007DC647 /* main.m in Sources */,
				1A3820BA21E719D3007DC647 /* AppDelegate.m in Sources */,
			);
			runOnlyForDeploymentPostprocessing = 0;
		};
		1A3820C921E719D4007DC647 /* Sources */ = {
			isa = PBXSourcesBuildPhase;
			buildActionMask = 2147483647;
			files = (
				1A3820D221E719D4007DC647 /* test1Tests.m in Sources */,
			);
			runOnlyForDeploymentPostprocessing = 0;
		};
		1A3820D421E719D4007DC647 /* Sources */ = {
			isa = PBXSourcesBuildPhase;
			buildActionMask = 2147483647;
			files = (
				1A3820DD21E719D4007DC647 /* test1UITests.m in Sources */,
			);
			runOnlyForDeploymentPostprocessing = 0;
		};
/* End PBXSourcesBuildPhase section */

/* Begin PBXTargetDependency section */
		1A3820CF21E719D4007DC647 /* PBXTargetDependency */ = {
			isa = PBXTargetDependency;
			target = 1A3820B421E719D3007DC647 /* test1 */;
			targetProxy = 1A3820CE21E719D4007DC647 /* PBXContainerItemProxy */;
		};
		1A3820DA21E719D4007DC647 /* PBXTargetDependency */ = {
			isa = PBXTargetDependency;
			target = 1A3820B421E719D3007DC647 /* test1 */;
			targetProxy = 1A3820D921E719D4007DC647 /* PBXContainerItemProxy */;
		};
/* End PBXTargetDependency section */

/* Begin PBXVariantGroup section */
		1A3820BE21E719D3007DC647 /* Main.storyboard */ = {
			isa = PBXVariantGroup;
			children = (
				1A3820BF21E719D3007DC647 /* Base */,
			);
			name = Main.storyboard;
			sourceTree = "<group>";
		};
		1A3820C321E719D4007DC647 /* LaunchScreen.storyboard */ = {
			isa = PBXVariantGroup;
			children = (
				1A3820C421E719D4007DC647 /* Base */,
			);
			name = LaunchScreen.storyboard;
			sourceTree = "<group>";
		};
/* End PBXVariantGroup section */

/* Begin XCBuildConfiguration section */
		1A3820DF21E719D4007DC647 /* Debug */ = {
			isa = XCBuildConfiguration;
			buildSettings = {
				ALWAYS_SEARCH_USER_PATHS = NO;
				CLANG_ANALYZER_NONNULL = YES;
				CLANG_ANALYZER_NUMBER_OBJECT_CONVERSION = YES_AGGRESSIVE;
				CLANG_CXX_LANGUAGE_STANDARD = "gnu++14";
				CLANG_CXX_LIBRARY = "libc++";
				CLANG_ENABLE_MODULES = YES;
				CLANG_ENABLE_OBJC_ARC = YES;
				CLANG_ENABLE_OBJC_WEAK = YES;
				CLANG_WARN_BLOCK_CAPTURE_AUTORELEASING = YES;
				CLANG_WARN_BOOL_CONVERSION = YES;
				CLANG_WARN_COMMA = YES;
				CLANG_WARN_CONSTANT_CONVERSION = YES;
				CLANG_WARN_DEPRECATED_OBJC_IMPLEMENTATIONS = YES;
				CLANG_WARN_DIRECT_OBJC_ISA_USAGE = YES_ERROR;
				CLANG_WARN_DOCUMENTATION_COMMENTS = YES;
				CLANG_WARN_EMPTY_BODY = YES;
				CLANG_WARN_ENUM_CONVERSION = YES;
				CLANG_WARN_INFINITE_RECURSION = YES;
				CLANG_WARN_INT_CONVERSION = YES;
				CLANG_WARN_NON_LITERAL_NULL_CONVERSION = YES;
				CLANG_WARN_OBJC_IMPLICIT_RETAIN_SELF = YES;
				CLANG_WARN_OBJC_LITERAL_CONVERSION = YES;
				CLANG_WARN_OBJC_ROOT_CLASS = YES_ERROR;
				CLANG_WARN_RANGE_LOOP_ANALYSIS = YES;
				CLANG_WARN_STRICT_PROTOTYPES = YES;
				CLANG_WARN_SUSPICIOUS_MOVE = YES;
				CLANG_WARN_UNGUARDED_AVAILABILITY = YES_AGGRESSIVE;
				CLANG_WARN_UNREACHABLE_CODE = YES;
				CLANG_WARN__DUPLICATE_METHOD_MATCH = YES;
				CODE_SIGN_IDENTITY = "iPhone Developer";
				COPY_PHASE_STRIP = NO;
				DEBUG_INFORMATION_FORMAT = dwarf;
				ENABLE_STRICT_OBJC_MSGSEND = YES;
				ENABLE_TESTABILITY = YES;
				GCC_C_LANGUAGE_STANDARD = gnu11;
				GCC_DYNAMIC_NO_PIC = NO;
				GCC_NO_COMMON_BLOCKS = YES;
				GCC_OPTIMIZATION_LEVEL = 0;
				GCC_PREPROCESSOR_DEFINITIONS = (
					"DEBUG=1",
					"$(inherited)",
				);
				GCC_WARN_64_TO_32_BIT_CONVERSION = YES;
				GCC_WARN_ABOUT_RETURN_TYPE = YES_ERROR;
				GCC_WARN_UNDECLARED_SELECTOR = YES;
				GCC_WARN_UNINITIALIZED_AUTOS = YES_AGGRESSIVE;
				GCC_WARN_UNUSED_FUNCTION = YES;
				GCC_WARN_UNUSED_VARIABLE = YES;
				IPHONEOS_DEPLOYMENT_TARGET = 12.1;
				MTL_ENABLE_DEBUG_INFO = INCLUDE_SOURCE;
				MTL_FAST_MATH = YES;
				ONLY_ACTIVE_ARCH = YES;
				SDKROOT = iphoneos;
			};
			name = Debug;
		};
		1A3820E021E719D4007DC647 /* Release */ = {
			isa = XCBuildConfiguration;
			buildSettings = {
				ALWAYS_SEARCH_USER_PATHS = NO;
				CLANG_ANALYZER_NONNULL = YES;
				CLANG_ANALYZER_NUMBER_OBJECT_CONVERSION = YES_AGGRESSIVE;
				CLANG_CXX_LANGUAGE_STANDARD = "gnu++14";
				CLANG_CXX_LIBRARY = "libc++";
				CLANG_ENABLE_MODULES = YES;
				CLANG_ENABLE_OBJC_ARC = YES;
				CLANG_ENABLE_OBJC_WEAK = YES;
				CLANG_WARN_BLOCK_CAPTURE_AUTORELEASING = YES;
				CLANG_WARN_BOOL_CONVERSION = YES;
				CLANG_WARN_COMMA = YES;
				CLANG_WARN_CONSTANT_CONVERSION = YES;
				CLANG_WARN_DEPRECATED_OBJC_IMPLEMENTATIONS = YES;
				CLANG_WARN_DIRECT_OBJC_ISA_USAGE = YES_ERROR;
				CLANG_WARN_DOCUMENTATION_COMMENTS = YES;
				CLANG_WARN_EMPTY_BODY = YES;
				CLANG_WARN_ENUM_CONVERSION = YES;
				CLANG_WARN_INFINITE_RECURSION = YES;
				CLANG_WARN_INT_CONVERSION = YES;
				CLANG_WARN_NON_LITERAL_NULL_CONVERSION = YES;
				CLANG_WARN_OBJC_IMPLICIT_RETAIN_SELF = YES;
				CLANG_WARN_OBJC_LITERAL_CONVERSION = YES;
				CLANG_WARN_OBJC_ROOT_CLASS = YES_ERROR;
				CLANG_WARN_RANGE_LOOP_ANALYSIS = YES;
				CLANG_WARN_STRICT_PROTOTYPES = YES;
				CLANG_WARN_SUSPICIOUS_MOVE = YES;
				CLANG_WARN_UNGUARDED_AVAILABILITY = YES_AGGRESSIVE;
				CLANG_WARN_UNREACHABLE_CODE = YES;
				CLANG_WARN__DUPLICATE_METHOD_MATCH = YES;
				CODE_SIGN_IDENTITY = "iPhone Developer";
				COPY_PHASE_STRIP = NO;
				DEBUG_INFORMATION_FORMAT = "dwarf-with-dsym";
				ENABLE_NS_ASSERTIONS = NO;
				ENABLE_STRICT_OBJC_MSGSEND = YES;
				GCC_C_LANGUAGE_STANDARD = gnu11;
				GCC_NO_COMMON_BLOCKS = YES;
				GCC_WARN_64_TO_32_BIT_CONVERSION = YES;
				GCC_WARN_ABOUT_RETURN_TYPE = YES_ERROR;
				GCC_WARN_UNDECLARED_SELECTOR = YES;
				GCC_WARN_UNINITIALIZED_AUTOS = YES_AGGRESSIVE;
				GCC_WARN_UNUSED_FUNCTION = YES;
				GCC_WARN_UNUSED_VARIABLE = YES;
				IPHONEOS_DEPLOYMENT_TARGET = 12.1;
				MTL_ENABLE_DEBUG_INFO = NO;
				MTL_FAST_MATH = YES;
				SDKROOT = iphoneos;
				VALIDATE_PRODUCT = YES;
			};
			name = Release;
		};
		1A3820E221E719D4007DC647 /* Debug */ = {
			isa = XCBuildConfiguration;
			buildSettings = {
				ASSETCATALOG_COMPILER_APPICON_NAME = AppIcon;
				CODE_SIGN_STYLE = Automatic;
				DEVELOPMENT_TEAM = VZ3CX3FX4W;
				INFOPLIST_FILE = test1/Info.plist;
				LD_RUNPATH_SEARCH_PATHS = (
					"$(inherited)",
					"@executable_path/Frameworks",
				);
				PRODUCT_BUNDLE_IDENTIFIER = com.xiaohe.test1;
				PRODUCT_NAME = "$(TARGET_NAME)";
				TARGETED_DEVICE_FAMILY = "1,2";
			};
			name = Debug;
		};
		1A3820E321E719D4007DC647 /* Release */ = {
			isa = XCBuildConfiguration;
			buildSettings = {
				ASSETCATALOG_COMPILER_APPICON_NAME = AppIcon;
				CODE_SIGN_STYLE = Automatic;
				DEVELOPMENT_TEAM = VZ3CX3FX4W;
				INFOPLIST_FILE = test1/Info.plist;
				LD_RUNPATH_SEARCH_PATHS = (
					"$(inherited)",
					"@executable_path/Frameworks",
				);
				PRODUCT_BUNDLE_IDENTIFIER = com.xiaohe.test1;
				PRODUCT_NAME = "$(TARGET_NAME)";
				TARGETED_DEVICE_FAMILY = "1,2";
			};
			name = Release;
		};
		1A3820E521E719D4007DC647 /* Debug */ = {
			isa = XCBuildConfiguration;
			buildSettings = {
				BUNDLE_LOADER = "$(TEST_HOST)";
				CODE_SIGN_STYLE = Automatic;
				DEVELOPMENT_TEAM = VZ3CX3FX4W;
				INFOPLIST_FILE = test1Tests/Info.plist;
				LD_RUNPATH_SEARCH_PATHS = (
					"$(inherited)",
					"@executable_path/Frameworks",
					"@loader_path/Frameworks",
				);
				PRODUCT_BUNDLE_IDENTIFIER = com.xiaohe.test1Tests;
				PRODUCT_NAME = "$(TARGET_NAME)";
				TARGETED_DEVICE_FAMILY = "1,2";
				TEST_HOST = "$(BUILT_PRODUCTS_DIR)/test1.app/test1";
			};
			name = Debug;
		};
		1A3820E621E719D4007DC647 /* Release */ = {
			isa = XCBuildConfiguration;
			buildSettings = {
				BUNDLE_LOADER = "$(TEST_HOST)";
				CODE_SIGN_STYLE = Automatic;
				DEVELOPMENT_TEAM = VZ3CX3FX4W;
				INFOPLIST_FILE = test1Tests/Info.plist;
				LD_RUNPATH_SEARCH_PATHS = (
					"$(inherited)",
					"@executable_path/Frameworks",
					"@loader_path/Frameworks",
				);
				PRODUCT_BUNDLE_IDENTIFIER = com.xiaohe.test1Tests;
				PRODUCT_NAME = "$(TARGET_NAME)";
				TARGETED_DEVICE_FAMILY = "1,2";
				TEST_HOST = "$(BUILT_PRODUCTS_DIR)/test1.app/test1";
			};
			name = Release;
		};
		1A3820E821E719D4007DC647 /* Debug */ = {
			isa = XCBuildConfiguration;
			buildSettings = {
				CODE_SIGN_STYLE = Automatic;
				DEVELOPMENT_TEAM = VZ3CX3FX4W;
				INFOPLIST_FILE = test1UITests/Info.plist;
				LD_RUNPATH_SEARCH_PATHS = (
					"$(inherited)",
					"@executable_path/Frameworks",
					"@loader_path/Frameworks",
				);
				PRODUCT_BUNDLE_IDENTIFIER = com.xiaohe.test1UITests;
				PRODUCT_NAME = "$(TARGET_NAME)";
				TARGETED_DEVICE_FAMILY = "1,2";
				TEST_TARGET_NAME = test1;
			};
			name = Debug;
		};
		1A3820E921E719D4007DC647 /* Release */ = {
			isa = XCBuildConfiguration;
			buildSettings = {
				CODE_SIGN_STYLE = Automatic;
				DEVELOPMENT_TEAM = VZ3CX3FX4W;
				INFOPLIST_FILE = test1UITests/Info.plist;
				LD_RUNPATH_SEARCH_PATHS = (
					"$(inherited)",
					"@executable_path/Frameworks",
					"@loader_path/Frameworks",
				);
				PRODUCT_BUNDLE_IDENTIFIER = com.xiaohe.test1UITests;
				PRODUCT_NAME = "$(TARGET_NAME)";
				TARGETED_DEVICE_FAMILY = "1,2";
				TEST_TARGET_NAME = test1;
			};
			name = Release;
		};
/* End XCBuildConfiguration section */

/* Begin XCConfigurationList section */
		1A3820B021E719D3007DC647 /* Build configuration list for PBXProject "test1" */ = {
			isa = XCConfigurationList;
			buildConfigurations = (
				1A3820DF21E719D4007DC647 /* Debug */,
				1A3820E021E719D4007DC647 /* Release */,
			);
			defaultConfigurationIsVisible = 0;
			defaultConfigurationName = Release;
		};
		1A3820E121E719D4007DC647 /* Build configuration list for PBXNativeTarget "test1" */ = {
			isa = XCConfigurationList;
			buildConfigurations = (
				1A3820E221E719D4007DC647 /* Debug */,
				1A3820E321E719D4007DC647 /* Release */,
			);
			defaultConfigurationIsVisible = 0;
			defaultConfigurationName = Release;
		};
		1A3820E421E719D4007DC647 /* Build configuration list for PBXNativeTarget "test1Tests" */ = {
			isa = XCConfigurationList;
			buildConfigurations = (
				1A3820E521E719D4007DC647 /* Debug */,
				1A3820E621E719D4007DC647 /* Release */,
			);
			defaultConfigurationIsVisible = 0;
			defaultConfigurationName = Release;
		};
		1A3820E721E719D4007DC647 /* Build configuration list for PBXNativeTarget "test1UITests" */ = {
			isa = XCConfigurationList;
			buildConfigurations = (
				1A3820E821E719D4007DC647 /* Debug */,
				1A3820E921E719D4007DC647 /* Release */,
			);
			defaultConfigurationIsVisible = 0;
			defaultConfigurationName = Release;
		};
/* End XCConfigurationList section */
	};
	rootObject = 1A3820AD21E719D3007DC647 /* Project object */;
}
